
Microsoft Visual Studio Solution File, Format Version 12.00
# Visual Studio Version 17
VisualStudioVersion = 17.13.35825.156 d17.13
MinimumVisualStudioVersion = 10.0.40219.1
Project("{FAE04EC0-301F-11D3-BF4B-00C04F79EFBC}") = "CarVilla.MVC", "CarVilla.MVC\CarVilla.MVC.csproj", "{0B4E0551-D680-4276-8F51-B795F6680A72}"
EndProject
Project("{FAE04EC0-301F-11D3-BF4B-00C04F79EFBC}") = "CarVilla.BL", "CarVilla.BL\CarVilla.BL.csproj", "{43A9BA24-C0D8-4458-9A2F-0246D172CE67}"
EndProject
Project("{FAE04EC0-301F-11D3-BF4B-00C04F79EFBC}") = "CarVilla.DAL", "CarVilla.DAL\CarVilla.DAL.csproj", "{203E5B94-626C-4D98-B56D-470CCB73F8F4}"
EndProject
Global
	GlobalSection(SolutionConfigurationPlatforms) = preSolution
		Debug|Any CPU = Debug|Any CPU
		Release|Any CPU = Release|Any CPU
	EndGlobalSection
	GlobalSection(ProjectConfigurationPlatforms) = postSolution
		{0B4E0551-D680-4276-8F51-B795F6680A72}.Debug|Any CPU.ActiveCfg = Debug|Any CPU
		{0B4E0551-D680-4276-8F51-B795F6680A72}.Debug|Any CPU.Build.0 = Debug|Any CPU
		{0B4E0551-D680-4276-8F51-B795F6680A72}.Release|Any CPU.ActiveCfg = Release|Any CPU
		{0B4E0551-D680-4276-8F51-B795F6680A72}.Release|Any CPU.Build.0 = Release|Any CPU
		{43A9BA24-C0D8-4458-9A2F-0246D172CE67}.Debug|Any CPU.ActiveCfg = Debug|Any CPU
		{43A9BA24-C0D8-4458-9A2F-0246D172CE67}.Debug|Any CPU.Build.0 = Debug|Any CPU
		{43A9BA24-C0D8-4458-9A2F-0246D172CE67}.Release|Any CPU.ActiveCfg = Release|Any CPU
		{43A9BA24-C0D8-4458-9A2F-0246D172CE67}.Release|Any CPU.Build.0 = Release|Any CPU
		{203E5B94-626C-4D98-B56D-470CCB73F8F4}.Debug|Any CPU.ActiveCfg = Debug|Any CPU
		{203E5B94-626C-4D98-B56D-470CCB73F8F4}.Debug|Any CPU.Build.0 = Debug|Any CPU
		{203E5B94-626C-4D98-B56D-470CCB73F8F4}.Release|Any CPU.ActiveCfg = Release|Any CPU
		{203E5B94-626C-4D98-B56D-470CCB73F8F4}.Release|Any CPU.Build.0 = Release|Any CPU
	EndGlobalSection
	GlobalSection(SolutionProperties) = preSolution
		HideSolutionNode = FALSE
	EndGlobalSection
	GlobalSection(ExtensibilityGlobals) = postSolution
		SolutionGuid = {E46589DB-8749-4C7D-AE46-A315EA46F494}
	EndGlobalSection
EndGlobal
